
Microsoft Visual Studio Solution File, Format Version 12.00
# Visual Studio Version 16
VisualStudioVersion = 16.0.31727.386
MinimumVisualStudioVersion = 10.0.40219.1
Project("{FAE04EC0-301F-11D3-BF4B-00C04F79EFBC}") = "Tarea", "Tarea.csproj", "{530612A5-278D-4540-87D7-7CF8A7F6D8FA}"
EndProject
Global
	GlobalSection(SolutionConfigurationPlatforms) = preSolution
		Debug|Any CPU = Debug|Any CPU
		Release|Any CPU = Release|Any CPU
	EndGlobalSection
	GlobalSection(ProjectConfigurationPlatforms) = postSolution
		{530612A5-278D-4540-87D7-7CF8A7F6D8FA}.Debug|Any CPU.ActiveCfg = Debug|Any CPU
		{530612A5-278D-4540-87D7-7CF8A7F6D8FA}.Debug|Any CPU.Build.0 = Debug|Any CPU
		{530612A5-278D-4540-87D7-7CF8A7F6D8FA}.Release|Any CPU.ActiveCfg = Release|Any CPU
		{530612A5-278D-4540-87D7-7CF8A7F6D8FA}.Release|Any CPU.Build.0 = Release|Any CPU
	EndGlobalSection
	GlobalSection(SolutionProperties) = preSolution
		HideSolutionNode = FALSE
	EndGlobalSection
	GlobalSection(ExtensibilityGlobals) = postSolution
		SolutionGuid = {A3258DD8-EC61-4E48-88E8-B378B365D60E}
	EndGlobalSection
EndGlobal
